# This file is autogenerated, do not edit; changes may be undone by the next 'dep ensure'.


[[projects]]
  name = "github.com/technoweenie/multipartstreamer"
  packages = ["."]
  revision = "a90a01d73ae432e2611d178c18367fbaa13e0154"
  version = "v1.0.1"

[[projects]]
  name = "gopkg.in/telegram-bot-api.v2"
  packages = ["."]
  revision = "6faae88cbd1dad3d6c06c2a290f50fa38894f90e"
  version = "v2.2.1"

[solve-meta]
  analyzer-name = "dep"
  analyzer-version = 1
  inputs-digest = "a4e96ae691d36381c9f7c6f36107d53193045086e8d46991a5b824d4f3b06e3c"
  solver-name = "gps-cdcl"
  solver-version = 1
